// !$*UTF8*$!
{
	archiveVersion = 1;
	classes = {
	};
	objectVersion = 56;
	objects = {

/* Begin PBXBuildFile section */
		2806E2CA56651628C522B9DA /* Pods_TaiperTravelTests.framework in Frameworks */ = {isa = PBXBuildFile; fileRef = 813FBA85294539D1BDD88D9C /* Pods_TaiperTravelTests.framework */; };
		6D0276CC8DCD47862AA1EB02 /* Pods_TaiperTravel_TaiperTravelUITests.framework in Frameworks */ = {isa = PBXBuildFile; fileRef = 1063DCA2121DA22CA3FE923F /* Pods_TaiperTravel_TaiperTravelUITests.framework */; };
		6E5D2728678F2CEAB75423A7 /* Pods_TaiperTravel.framework in Frameworks */ = {isa = PBXBuildFile; fileRef = 2638171DCBFF678A548C7C05 /* Pods_TaiperTravel.framework */; };
		B07776272C075F14004C1F2C /* AppDelegate.swift in Sources */ = {isa = PBXBuildFile; fileRef = B07776262C075F14004C1F2C /* AppDelegate.swift */; };
		B07776292C075F14004C1F2C /* SceneDelegate.swift in Sources */ = {isa = PBXBuildFile; fileRef = B07776282C075F14004C1F2C /* SceneDelegate.swift */; };
		B077762B2C075F14004C1F2C /* HomeViewController.swift in Sources */ = {isa = PBXBuildFile; fileRef = B077762A2C075F14004C1F2C /* HomeViewController.swift */; };
		B077762E2C075F14004C1F2C /* Base in Resources */ = {isa = PBXBuildFile; fileRef = B077762D2C075F14004C1F2C /* Base */; };
		B07776302C075F16004C1F2C /* Assets.xcassets in Resources */ = {isa = PBXBuildFile; fileRef = B077762F2C075F16004C1F2C /* Assets.xcassets */; };
		B07776332C075F16004C1F2C /* Base in Resources */ = {isa = PBXBuildFile; fileRef = B07776322C075F16004C1F2C /* Base */; };
		B077763E2C075F16004C1F2C /* TaiperTravelTests.swift in Sources */ = {isa = PBXBuildFile; fileRef = B077763D2C075F16004C1F2C /* TaiperTravelTests.swift */; };
		B07776482C075F16004C1F2C /* TaiperTravelUITests.swift in Sources */ = {isa = PBXBuildFile; fileRef = B07776472C075F16004C1F2C /* TaiperTravelUITests.swift */; };
		B077764A2C075F16004C1F2C /* TaiperTravelUITestsLaunchTests.swift in Sources */ = {isa = PBXBuildFile; fileRef = B07776492C075F16004C1F2C /* TaiperTravelUITestsLaunchTests.swift */; };
		B07776622C076A28004C1F2C /* HomeViewModel.swift in Sources */ = {isa = PBXBuildFile; fileRef = B07776612C076A28004C1F2C /* HomeViewModel.swift */; };
		B07776652C076A53004C1F2C /* BaseViewController.swift in Sources */ = {isa = PBXBuildFile; fileRef = B07776642C076A53004C1F2C /* BaseViewController.swift */; };
		B07776672C076A67004C1F2C /* BaseViewModel.swift in Sources */ = {isa = PBXBuildFile; fileRef = B07776662C076A67004C1F2C /* BaseViewModel.swift */; };
		B07776692C08AB2E004C1F2C /* Publisher+Extension.swift in Sources */ = {isa = PBXBuildFile; fileRef = B07776682C08AB2E004C1F2C /* Publisher+Extension.swift */; };
		B077766B2C08AF15004C1F2C /* ApiManager.swift in Sources */ = {isa = PBXBuildFile; fileRef = B077766A2C08AF15004C1F2C /* ApiManager.swift */; };
		B077766D2C08AF5D004C1F2C /* Enum.swift in Sources */ = {isa = PBXBuildFile; fileRef = B077766C2C08AF5D004C1F2C /* Enum.swift */; };
		B07776702C08B00C004C1F2C /* ApiService.swift in Sources */ = {isa = PBXBuildFile; fileRef = B077766F2C08B00C004C1F2C /* ApiService.swift */; };
		B07776722C08B035004C1F2C /* Tools.swift in Sources */ = {isa = PBXBuildFile; fileRef = B07776712C08B035004C1F2C /* Tools.swift */; };
		B07776742C08B044004C1F2C /* Common.swift in Sources */ = {isa = PBXBuildFile; fileRef = B07776732C08B044004C1F2C /* Common.swift */; };
		B07776762C08B11A004C1F2C /* CommonName.swift in Sources */ = {isa = PBXBuildFile; fileRef = B07776752C08B11A004C1F2C /* CommonName.swift */; };
		B07776782C0A9F85004C1F2C /* Codable+Extension.swift in Sources */ = {isa = PBXBuildFile; fileRef = B07776772C0A9F85004C1F2C /* Codable+Extension.swift */; };
		B077767D2C0B652E004C1F2C /* ApiRequest.swift in Sources */ = {isa = PBXBuildFile; fileRef = B077767C2C0B652E004C1F2C /* ApiRequest.swift */; };
		B077767F2C0B6555004C1F2C /* AttractionsRequest.swift in Sources */ = {isa = PBXBuildFile; fileRef = B077767E2C0B6555004C1F2C /* AttractionsRequest.swift */; };
		B07776812C0B72F1004C1F2C /* BaseResponse.swift in Sources */ = {isa = PBXBuildFile; fileRef = B07776802C0B72F1004C1F2C /* BaseResponse.swift */; };
		B07776832C0B7423004C1F2C /* AttractionResponse.swift in Sources */ = {isa = PBXBuildFile; fileRef = B07776822C0B7423004C1F2C /* AttractionResponse.swift */; };
		B07776852C0B7EA2004C1F2C /* EventNewsRequest.swift in Sources */ = {isa = PBXBuildFile; fileRef = B07776842C0B7EA2004C1F2C /* EventNewsRequest.swift */; };
		B07776872C0B7EF6004C1F2C /* EventNewsResponse.swift in Sources */ = {isa = PBXBuildFile; fileRef = B07776862C0B7EF6004C1F2C /* EventNewsResponse.swift */; };
		B07776892C0C3FD6004C1F2C /* Combine+UIKit.swift in Sources */ = {isa = PBXBuildFile; fileRef = B07776882C0C3FD5004C1F2C /* Combine+UIKit.swift */; };
/* End PBXBuildFile section */

/* Begin PBXContainerItemProxy section */
		B077763A2C075F16004C1F2C /* PBXContainerItemProxy */ = {
			isa = PBXContainerItemProxy;
			containerPortal = B077761B2C075F14004C1F2C /* Project object */;
			proxyType = 1;
			remoteGlobalIDString = B07776222C075F14004C1F2C;
			remoteInfo = TaiperTravel;
		};
		B07776442C075F16004C1F2C /* PBXContainerItemProxy */ = {
			isa = PBXContainerItemProxy;
			containerPortal = B077761B2C075F14004C1F2C /* Project object */;
			proxyType = 1;
			remoteGlobalIDString = B07776222C075F14004C1F2C;
			remoteInfo = TaiperTravel;
		};
/* End PBXContainerItemProxy section */

/* Begin PBXFileReference section */
		1063DCA2121DA22CA3FE923F /* Pods_TaiperTravel_TaiperTravelUITests.framework */ = {isa = PBXFileReference; explicitFileType = wrapper.framework; includeInIndex = 0; path = Pods_TaiperTravel_TaiperTravelUITests.framework; sourceTree = BUILT_PRODUCTS_DIR; };
		2638171DCBFF678A548C7C05 /* Pods_TaiperTravel.framework */ = {isa = PBXFileReference; explicitFileType = wrapper.framework; includeInIndex = 0; path = Pods_TaiperTravel.framework; sourceTree = BUILT_PRODUCTS_DIR; };
		2B2D16727492D17131F3E0DF /* Pods-TaiperTravel.debug.xcconfig */ = {isa = PBXFileReference; includeInIndex = 1; lastKnownFileType = text.xcconfig; name = "Pods-TaiperTravel.debug.xcconfig"; path = "Target Support Files/Pods-TaiperTravel/Pods-TaiperTravel.debug.xcconfig"; sourceTree = "<group>"; };
		35BE2ED4EAC81C4AA4728CD9 /* Pods-TaiperTravel-TaiperTravelUITests.debug.xcconfig */ = {isa = PBXFileReference; includeInIndex = 1; lastKnownFileType = text.xcconfig; name = "Pods-TaiperTravel-TaiperTravelUITests.debug.xcconfig"; path = "Target Support Files/Pods-TaiperTravel-TaiperTravelUITests/Pods-TaiperTravel-TaiperTravelUITests.debug.xcconfig"; sourceTree = "<group>"; };
		8111D014F938D456A3F529C1 /* Pods-TaiperTravelTests.release.xcconfig */ = {isa = PBXFileReference; includeInIndex = 1; lastKnownFileType = text.xcconfig; name = "Pods-TaiperTravelTests.release.xcconfig"; path = "Target Support Files/Pods-TaiperTravelTests/Pods-TaiperTravelTests.release.xcconfig"; sourceTree = "<group>"; };
		813FBA85294539D1BDD88D9C /* Pods_TaiperTravelTests.framework */ = {isa = PBXFileReference; explicitFileType = wrapper.framework; includeInIndex = 0; path = Pods_TaiperTravelTests.framework; sourceTree = BUILT_PRODUCTS_DIR; };
		A811E41DCD8916A6959AF978 /* Pods-TaiperTravel-TaiperTravelUITests.release.xcconfig */ = {isa = PBXFileReference; includeInIndex = 1; lastKnownFileType = text.xcconfig; name = "Pods-TaiperTravel-TaiperTravelUITests.release.xcconfig"; path = "Target Support Files/Pods-TaiperTravel-TaiperTravelUITests/Pods-TaiperTravel-TaiperTravelUITests.release.xcconfig"; sourceTree = "<group>"; };
		B07776232C075F14004C1F2C /* TaiperTravel.app */ = {isa = PBXFileReference; explicitFileType = wrapper.application; includeInIndex = 0; path = TaiperTravel.app; sourceTree = BUILT_PRODUCTS_DIR; };
		B07776262C075F14004C1F2C /* AppDelegate.swift */ = {isa = PBXFileReference; lastKnownFileType = sourcecode.swift; path = AppDelegate.swift; sourceTree = "<group>"; };
		B07776282C075F14004C1F2C /* SceneDelegate.swift */ = {isa = PBXFileReference; lastKnownFileType = sourcecode.swift; path = SceneDelegate.swift; sourceTree = "<group>"; };
		B077762A2C075F14004C1F2C /* HomeViewController.swift */ = {isa = PBXFileReference; lastKnownFileType = sourcecode.swift; path = HomeViewController.swift; sourceTree = "<group>"; };
		B077762D2C075F14004C1F2C /* Base */ = {isa = PBXFileReference; lastKnownFileType = file.storyboard; name = Base; path = Base.lproj/Home.storyboard; sourceTree = "<group>"; };
		B077762F2C075F16004C1F2C /* Assets.xcassets */ = {isa = PBXFileReference; lastKnownFileType = folder.assetcatalog; path = Assets.xcassets; sourceTree = "<group>"; };
		B07776322C075F16004C1F2C /* Base */ = {isa = PBXFileReference; lastKnownFileType = file.storyboard; name = Base; path = Base.lproj/LaunchScreen.storyboard; sourceTree = "<group>"; };
		B07776342C075F16004C1F2C /* Info.plist */ = {isa = PBXFileReference; lastKnownFileType = text.plist.xml; path = Info.plist; sourceTree = "<group>"; };
		B07776392C075F16004C1F2C /* TaiperTravelTests.xctest */ = {isa = PBXFileReference; explicitFileType = wrapper.cfbundle; includeInIndex = 0; path = TaiperTravelTests.xctest; sourceTree = BUILT_PRODUCTS_DIR; };
		B077763D2C075F16004C1F2C /* TaiperTravelTests.swift */ = {isa = PBXFileReference; lastKnownFileType = sourcecode.swift; path = TaiperTravelTests.swift; sourceTree = "<group>"; };
		B07776432C075F16004C1F2C /* TaiperTravelUITests.xctest */ = {isa = PBXFileReference; explicitFileType = wrapper.cfbundle; includeInIndex = 0; path = TaiperTravelUITests.xctest; sourceTree = BUILT_PRODUCTS_DIR; };
		B07776472C075F16004C1F2C /* TaiperTravelUITests.swift */ = {isa = PBXFileReference; lastKnownFileType = sourcecode.swift; path = TaiperTravelUITests.swift; sourceTree = "<group>"; };
		B07776492C075F16004C1F2C /* TaiperTravelUITestsLaunchTests.swift */ = {isa = PBXFileReference; lastKnownFileType = sourcecode.swift; path = TaiperTravelUITestsLaunchTests.swift; sourceTree = "<group>"; };
		B07776612C076A28004C1F2C /* HomeViewModel.swift */ = {isa = PBXFileReference; lastKnownFileType = sourcecode.swift; path = HomeViewModel.swift; sourceTree = "<group>"; };
		B07776642C076A53004C1F2C /* BaseViewController.swift */ = {isa = PBXFileReference; lastKnownFileType = sourcecode.swift; path = BaseViewController.swift; sourceTree = "<group>"; };
		B07776662C076A67004C1F2C /* BaseViewModel.swift */ = {isa = PBXFileReference; lastKnownFileType = sourcecode.swift; path = BaseViewModel.swift; sourceTree = "<group>"; };
		B07776682C08AB2E004C1F2C /* Publisher+Extension.swift */ = {isa = PBXFileReference; lastKnownFileType = sourcecode.swift; path = "Publisher+Extension.swift"; sourceTree = "<group>"; };
		B077766A2C08AF15004C1F2C /* ApiManager.swift */ = {isa = PBXFileReference; lastKnownFileType = sourcecode.swift; path = ApiManager.swift; sourceTree = "<group>"; };
		B077766C2C08AF5D004C1F2C /* Enum.swift */ = {isa = PBXFileReference; lastKnownFileType = sourcecode.swift; path = Enum.swift; sourceTree = "<group>"; };
		B077766F2C08B00C004C1F2C /* ApiService.swift */ = {isa = PBXFileReference; lastKnownFileType = sourcecode.swift; path = ApiService.swift; sourceTree = "<group>"; };
		B07776712C08B035004C1F2C /* Tools.swift */ = {isa = PBXFileReference; lastKnownFileType = sourcecode.swift; path = Tools.swift; sourceTree = "<group>"; };
		B07776732C08B044004C1F2C /* Common.swift */ = {isa = PBXFileReference; lastKnownFileType = sourcecode.swift; path = Common.swift; sourceTree = "<group>"; };
		B07776752C08B11A004C1F2C /* CommonName.swift */ = {isa = PBXFileReference; lastKnownFileType = sourcecode.swift; name = CommonName.swift; path = ../../../../../Documents/CommonName.swift; sourceTree = "<group>"; };
		B07776772C0A9F85004C1F2C /* Codable+Extension.swift */ = {isa = PBXFileReference; lastKnownFileType = sourcecode.swift; path = "Codable+Extension.swift"; sourceTree = "<group>"; };
		B077767C2C0B652E004C1F2C /* ApiRequest.swift */ = {isa = PBXFileReference; lastKnownFileType = sourcecode.swift; path = ApiRequest.swift; sourceTree = "<group>"; };
		B077767E2C0B6555004C1F2C /* AttractionsRequest.swift */ = {isa = PBXFileReference; lastKnownFileType = sourcecode.swift; path = AttractionsRequest.swift; sourceTree = "<group>"; };
		B07776802C0B72F1004C1F2C /* BaseResponse.swift */ = {isa = PBXFileReference; lastKnownFileType = sourcecode.swift; path = BaseResponse.swift; sourceTree = "<group>"; };
		B07776822C0B7423004C1F2C /* AttractionResponse.swift */ = {isa = PBXFileReference; lastKnownFileType = sourcecode.swift; path = AttractionResponse.swift; sourceTree = "<group>"; };
		B07776842C0B7EA2004C1F2C /* EventNewsRequest.swift */ = {isa = PBXFileReference; lastKnownFileType = sourcecode.swift; path = EventNewsRequest.swift; sourceTree = "<group>"; };
		B07776862C0B7EF6004C1F2C /* EventNewsResponse.swift */ = {isa = PBXFileReference; lastKnownFileType = sourcecode.swift; path = EventNewsResponse.swift; sourceTree = "<group>"; };
		B07776882C0C3FD5004C1F2C /* Combine+UIKit.swift */ = {isa = PBXFileReference; fileEncoding = 4; lastKnownFileType = sourcecode.swift; path = "Combine+UIKit.swift"; sourceTree = "<group>"; };
		D54CC825432A526D074BFF43 /* Pods-TaiperTravelTests.debug.xcconfig */ = {isa = PBXFileReference; includeInIndex = 1; lastKnownFileType = text.xcconfig; name = "Pods-TaiperTravelTests.debug.xcconfig"; path = "Target Support Files/Pods-TaiperTravelTests/Pods-TaiperTravelTests.debug.xcconfig"; sourceTree = "<group>"; };
		FEFFE2F58E8ED903F3023AF5 /* Pods-TaiperTravel.release.xcconfig */ = {isa = PBXFileReference; includeInIndex = 1; lastKnownFileType = text.xcconfig; name = "Pods-TaiperTravel.release.xcconfig"; path = "Target Support Files/Pods-TaiperTravel/Pods-TaiperTravel.release.xcconfig"; sourceTree = "<group>"; };
/* End PBXFileReference section */

/* Begin PBXFrameworksBuildPhase section */
		B07776202C075F14004C1F2C /* Frameworks */ = {
			isa = PBXFrameworksBuildPhase;
			buildActionMask = 2147483647;
			files = (
				6E5D2728678F2CEAB75423A7 /* Pods_TaiperTravel.framework in Frameworks */,
			);
			runOnlyForDeploymentPostprocessing = 0;
		};
		B07776362C075F16004C1F2C /* Frameworks */ = {
			isa = PBXFrameworksBuildPhase;
			buildActionMask = 2147483647;
			files = (
				2806E2CA56651628C522B9DA /* Pods_TaiperTravelTests.framework in Frameworks */,
			);
			runOnlyForDeploymentPostprocessing = 0;
		};
		B07776402C075F16004C1F2C /* Frameworks */ = {
			isa = PBXFrameworksBuildPhase;
			buildActionMask = 2147483647;
			files = (
				6D0276CC8DCD47862AA1EB02 /* Pods_TaiperTravel_TaiperTravelUITests.framework in Frameworks */,
			);
			runOnlyForDeploymentPostprocessing = 0;
		};
/* End PBXFrameworksBuildPhase section */

/* Begin PBXGroup section */
		262FA46788F438004A99244D /* Pods */ = {
			isa = PBXGroup;
			children = (
				2B2D16727492D17131F3E0DF /* Pods-TaiperTravel.debug.xcconfig */,
				FEFFE2F58E8ED903F3023AF5 /* Pods-TaiperTravel.release.xcconfig */,
				35BE2ED4EAC81C4AA4728CD9 /* Pods-TaiperTravel-TaiperTravelUITests.debug.xcconfig */,
				A811E41DCD8916A6959AF978 /* Pods-TaiperTravel-TaiperTravelUITests.release.xcconfig */,
				D54CC825432A526D074BFF43 /* Pods-TaiperTravelTests.debug.xcconfig */,
				8111D014F938D456A3F529C1 /* Pods-TaiperTravelTests.release.xcconfig */,
			);
			path = Pods;
			sourceTree = "<group>";
		};
		B077761A2C075F14004C1F2C = {
			isa = PBXGroup;
			children = (
				B07776252C075F14004C1F2C /* TaiperTravel */,
				B077763C2C075F16004C1F2C /* TaiperTravelTests */,
				B07776462C075F16004C1F2C /* TaiperTravelUITests */,
				B07776242C075F14004C1F2C /* Products */,
				262FA46788F438004A99244D /* Pods */,
				E00947FF622D2553D1A97B1D /* Frameworks */,
			);
			sourceTree = "<group>";
		};
		B07776242C075F14004C1F2C /* Products */ = {
			isa = PBXGroup;
			children = (
				B07776232C075F14004C1F2C /* TaiperTravel.app */,
				B07776392C075F16004C1F2C /* TaiperTravelTests.xctest */,
				B07776432C075F16004C1F2C /* TaiperTravelUITests.xctest */,
			);
			name = Products;
			sourceTree = "<group>";
		};
		B07776252C075F14004C1F2C /* TaiperTravel */ = {
			isa = PBXGroup;
			children = (
				B07776262C075F14004C1F2C /* AppDelegate.swift */,
				B07776282C075F14004C1F2C /* SceneDelegate.swift */,
				B07776572C076557004C1F2C /* Common */,
				B07776582C076564004C1F2C /* Core */,
				B07776592C07656B004C1F2C /* Data */,
				B077765A2C076572004C1F2C /* UI */,
				B077765B2C07657E004C1F2C /* Extension */,
				B077765C2C07658B004C1F2C /* Resources */,
				B077765D2C0765CF004C1F2C /* Util */,
			);
			path = TaiperTravel;
			sourceTree = "<group>";
		};
		B077763C2C075F16004C1F2C /* TaiperTravelTests */ = {
			isa = PBXGroup;
			children = (
				B077763D2C075F16004C1F2C /* TaiperTravelTests.swift */,
			);
			path = TaiperTravelTests;
			sourceTree = "<group>";
		};
		B07776462C075F16004C1F2C /* TaiperTravelUITests */ = {
			isa = PBXGroup;
			children = (
				B07776472C075F16004C1F2C /* TaiperTravelUITests.swift */,
				B07776492C075F16004C1F2C /* TaiperTravelUITestsLaunchTests.swift */,
			);
			path = TaiperTravelUITests;
			sourceTree = "<group>";
		};
		B07776572C076557004C1F2C /* Common */ = {
			isa = PBXGroup;
			children = (
				B07776732C08B044004C1F2C /* Common.swift */,
				B07776752C08B11A004C1F2C /* CommonName.swift */,
				B07776712C08B035004C1F2C /* Tools.swift */,
				B077766C2C08AF5D004C1F2C /* Enum.swift */,
			);
			path = Common;
			sourceTree = "<group>";
		};
		B07776582C076564004C1F2C /* Core */ = {
			isa = PBXGroup;
			children = (
				B077766E2C08AFFE004C1F2C /* Api */,
			);
			path = Core;
			sourceTree = "<group>";
		};
		B07776592C07656B004C1F2C /* Data */ = {
			isa = PBXGroup;
			children = (
				B07776792C0B64F3004C1F2C /* Api */,
			);
			path = Data;
			sourceTree = "<group>";
		};
		B077765A2C076572004C1F2C /* UI */ = {
			isa = PBXGroup;
			children = (
				B07776602C076923004C1F2C /* Launch */,
				B07776632C076A3A004C1F2C /* Base */,
				B077765F2C076918004C1F2C /* Home */,
			);
			path = UI;
			sourceTree = "<group>";
		};
		B077765B2C07657E004C1F2C /* Extension */ = {
			isa = PBXGroup;
			children = (
				B07776882C0C3FD5004C1F2C /* Combine+UIKit.swift */,
				B07776682C08AB2E004C1F2C /* Publisher+Extension.swift */,
				B07776772C0A9F85004C1F2C /* Codable+Extension.swift */,
			);
			path = Extension;
			sourceTree = "<group>";
		};
		B077765C2C07658B004C1F2C /* Resources */ = {
			isa = PBXGroup;
			children = (
				B07776342C075F16004C1F2C /* Info.plist */,
				B077762F2C075F16004C1F2C /* Assets.xcassets */,
			);
			path = Resources;
			sourceTree = "<group>";
		};
		B077765D2C0765CF004C1F2C /* Util */ = {
			isa = PBXGroup;
			children = (
			);
			path = Util;
			sourceTree = "<group>";
		};
		B077765F2C076918004C1F2C /* Home */ = {
			isa = PBXGroup;
			children = (
				B077762C2C075F14004C1F2C /* Home.storyboard */,
				B077762A2C075F14004C1F2C /* HomeViewController.swift */,
				B07776612C076A28004C1F2C /* HomeViewModel.swift */,
			);
			path = Home;
			sourceTree = "<group>";
		};
		B07776602C076923004C1F2C /* Launch */ = {
			isa = PBXGroup;
			children = (
				B07776312C075F16004C1F2C /* LaunchScreen.storyboard */,
			);
			path = Launch;
			sourceTree = "<group>";
		};
		B07776632C076A3A004C1F2C /* Base */ = {
			isa = PBXGroup;
			children = (
				B07776642C076A53004C1F2C /* BaseViewController.swift */,
				B07776662C076A67004C1F2C /* BaseViewModel.swift */,
			);
			path = Base;
			sourceTree = "<group>";
		};
		B077766E2C08AFFE004C1F2C /* Api */ = {
			isa = PBXGroup;
			children = (
				B077766F2C08B00C004C1F2C /* ApiService.swift */,
				B077766A2C08AF15004C1F2C /* ApiManager.swift */,
			);
			path = Api;
			sourceTree = "<group>";
		};
		B07776792C0B64F3004C1F2C /* Api */ = {
			isa = PBXGroup;
			children = (
				B077767A2C0B64FA004C1F2C /* Request */,
				B077767B2C0B6503004C1F2C /* Response */,
			);
			path = Api;
			sourceTree = "<group>";
		};
		B077767A2C0B64FA004C1F2C /* Request */ = {
			isa = PBXGroup;
			children = (
				B077767C2C0B652E004C1F2C /* ApiRequest.swift */,
				B077767E2C0B6555004C1F2C /* AttractionsRequest.swift */,
				B07776842C0B7EA2004C1F2C /* EventNewsRequest.swift */,
			);
			path = Request;
			sourceTree = "<group>";
		};
		B077767B2C0B6503004C1F2C /* Response */ = {
			isa = PBXGroup;
			children = (
				B07776802C0B72F1004C1F2C /* BaseResponse.swift */,
				B07776822C0B7423004C1F2C /* AttractionResponse.swift */,
				B07776862C0B7EF6004C1F2C /* EventNewsResponse.swift */,
			);
			path = Response;
			sourceTree = "<group>";
		};
		E00947FF622D2553D1A97B1D /* Frameworks */ = {
			isa = PBXGroup;
			children = (
				2638171DCBFF678A548C7C05 /* Pods_TaiperTravel.framework */,
				1063DCA2121DA22CA3FE923F /* Pods_TaiperTravel_TaiperTravelUITests.framework */,
				813FBA85294539D1BDD88D9C /* Pods_TaiperTravelTests.framework */,
			);
			name = Frameworks;
			sourceTree = "<group>";
		};
/* End PBXGroup section */

/* Begin PBXNativeTarget section */
		B07776222C075F14004C1F2C /* TaiperTravel */ = {
			isa = PBXNativeTarget;
			buildConfigurationList = B077764D2C075F16004C1F2C /* Build configuration list for PBXNativeTarget "TaiperTravel" */;
			buildPhases = (
				E8D72AF565F16F4D298B46DC /* [CP] Check Pods Manifest.lock */,
				B077761F2C075F14004C1F2C /* Sources */,
				B07776202C075F14004C1F2C /* Frameworks */,
				B07776212C075F14004C1F2C /* Resources */,
				1D3052C15F5A7B35E95E13F8 /* [CP] Embed Pods Frameworks */,
			);
			buildRules = (
			);
			dependencies = (
			);
			name = TaiperTravel;
			productName = TaiperTravel;
			productReference = B07776232C075F14004C1F2C /* TaiperTravel.app */;
			productType = "com.apple.product-type.application";
		};
		B07776382C075F16004C1F2C /* TaiperTravelTests */ = {
			isa = PBXNativeTarget;
			buildConfigurationList = B07776502C075F16004C1F2C /* Build configuration list for PBXNativeTarget "TaiperTravelTests" */;
			buildPhases = (
				CC959750D5C8E6EAA5D5661D /* [CP] Check Pods Manifest.lock */,
				B07776352C075F16004C1F2C /* Sources */,
				B07776362C075F16004C1F2C /* Frameworks */,
				B07776372C075F16004C1F2C /* Resources */,
			);
			buildRules = (
			);
			dependencies = (
				B077763B2C075F16004C1F2C /* PBXTargetDependency */,
			);
			name = TaiperTravelTests;
			productName = TaiperTravelTests;
			productReference = B07776392C075F16004C1F2C /* TaiperTravelTests.xctest */;
			productType = "com.apple.product-type.bundle.unit-test";
		};
		B07776422C075F16004C1F2C /* TaiperTravelUITests */ = {
			isa = PBXNativeTarget;
			buildConfigurationList = B07776532C075F16004C1F2C /* Build configuration list for PBXNativeTarget "TaiperTravelUITests" */;
			buildPhases = (
				10CACFECE14D69B68E79E936 /* [CP] Check Pods Manifest.lock */,
				B077763F2C075F16004C1F2C /* Sources */,
				B07776402C075F16004C1F2C /* Frameworks */,
				B07776412C075F16004C1F2C /* Resources */,
				9C0AE25D6F815A2CFC396642 /* [CP] Embed Pods Frameworks */,
			);
			buildRules = (
			);
			dependencies = (
				B07776452C075F16004C1F2C /* PBXTargetDependency */,
			);
			name = TaiperTravelUITests;
			productName = TaiperTravelUITests;
			productReference = B07776432C075F16004C1F2C /* TaiperTravelUITests.xctest */;
			productType = "com.apple.product-type.bundle.ui-testing";
		};
/* End PBXNativeTarget section */

/* Begin PBXProject section */
		B077761B2C075F14004C1F2C /* Project object */ = {
			isa = PBXProject;
			attributes = {
				BuildIndependentTargetsInParallel = 1;
				LastSwiftUpdateCheck = 1540;
				LastUpgradeCheck = 1540;
				TargetAttributes = {
					B07776222C075F14004C1F2C = {
						CreatedOnToolsVersion = 15.4;
					};
					B07776382C075F16004C1F2C = {
						CreatedOnToolsVersion = 15.4;
						TestTargetID = B07776222C075F14004C1F2C;
					};
					B07776422C075F16004C1F2C = {
						CreatedOnToolsVersion = 15.4;
						TestTargetID = B07776222C075F14004C1F2C;
					};
				};
			};
			buildConfigurationList = B077761E2C075F14004C1F2C /* Build configuration list for PBXProject "TaiperTravel" */;
			compatibilityVersion = "Xcode 14.0";
			developmentRegion = en;
			hasScannedForEncodings = 0;
			knownRegions = (
				en,
				Base,
			);
			mainGroup = B077761A2C075F14004C1F2C;
			productRefGroup = B07776242C075F14004C1F2C /* Products */;
			projectDirPath = "";
			projectRoot = "";
			targets = (
				B07776222C075F14004C1F2C /* TaiperTravel */,
				B07776382C075F16004C1F2C /* TaiperTravelTests */,
				B07776422C075F16004C1F2C /* TaiperTravelUITests */,
			);
		};
/* End PBXProject section */

/* Begin PBXResourcesBuildPhase section */
		B07776212C075F14004C1F2C /* Resources */ = {
			isa = PBXResourcesBuildPhase;
			buildActionMask = 2147483647;
			files = (
				B07776302C075F16004C1F2C /* Assets.xcassets in Resources */,
				B07776332C075F16004C1F2C /* Base in Resources */,
				B077762E2C075F14004C1F2C /* Base in Resources */,
			);
			runOnlyForDeploymentPostprocessing = 0;
		};
		B07776372C075F16004C1F2C /* Resources */ = {
			isa = PBXResourcesBuildPhase;
			buildActionMask = 2147483647;
			files = (
			);
			runOnlyForDeploymentPostprocessing = 0;
		};
		B07776412C075F16004C1F2C /* Resources */ = {
			isa = PBXResourcesBuildPhase;
			buildActionMask = 2147483647;
			files = (
			);
			runOnlyForDeploymentPostprocessing = 0;
		};
/* End PBXResourcesBuildPhase section */

/* Begin PBXShellScriptBuildPhase section */
		10CACFECE14D69B68E79E936 /* [CP] Check Pods Manifest.lock */ = {
			isa = PBXShellScriptBuildPhase;
			buildActionMask = 2147483647;
			files = (
			);
			inputFileListPaths = (
			);
			inputPaths = (
				"${PODS_PODFILE_DIR_PATH}/Podfile.lock",
				"${PODS_ROOT}/Manifest.lock",
			);
			name = "[CP] Check Pods Manifest.lock";
			outputFileListPaths = (
			);
			outputPaths = (
				"$(DERIVED_FILE_DIR)/Pods-TaiperTravel-TaiperTravelUITests-checkManifestLockResult.txt",
			);
			runOnlyForDeploymentPostprocessing = 0;
			shellPath = /bin/sh;
			shellScript = "diff \"${PODS_PODFILE_DIR_PATH}/Podfile.lock\" \"${PODS_ROOT}/Manifest.lock\" > /dev/null\nif [ $? != 0 ] ; then\n    # print error to STDERR\n    echo \"error: The sandbox is not in sync with the Podfile.lock. Run 'pod install' or update your CocoaPods installation.\" >&2\n    exit 1\nfi\n# This output is used by Xcode 'outputs' to avoid re-running this script phase.\necho \"SUCCESS\" > \"${SCRIPT_OUTPUT_FILE_0}\"\n";
			showEnvVarsInLog = 0;
		};
		1D3052C15F5A7B35E95E13F8 /* [CP] Embed Pods Frameworks */ = {
			isa = PBXShellScriptBuildPhase;
			buildActionMask = 2147483647;
			files = (
			);
			inputFileListPaths = (
				"${PODS_ROOT}/Target Support Files/Pods-TaiperTravel/Pods-TaiperTravel-frameworks-${CONFIGURATION}-input-files.xcfilelist",
			);
			name = "[CP] Embed Pods Frameworks";
			outputFileListPaths = (
				"${PODS_ROOT}/Target Support Files/Pods-TaiperTravel/Pods-TaiperTravel-frameworks-${CONFIGURATION}-output-files.xcfilelist",
			);
			runOnlyForDeploymentPostprocessing = 0;
			shellPath = /bin/sh;
			shellScript = "\"${PODS_ROOT}/Target Support Files/Pods-TaiperTravel/Pods-TaiperTravel-frameworks.sh\"\n";
			showEnvVarsInLog = 0;
		};
		9C0AE25D6F815A2CFC396642 /* [CP] Embed Pods Frameworks */ = {
			isa = PBXShellScriptBuildPhase;
			buildActionMask = 2147483647;
			files = (
			);
			inputFileListPaths = (
				"${PODS_ROOT}/Target Support Files/Pods-TaiperTravel-TaiperTravelUITests/Pods-TaiperTravel-TaiperTravelUITests-frameworks-${CONFIGURATION}-input-files.xcfilelist",
			);
			name = "[CP] Embed Pods Frameworks";
			outputFileListPaths = (
				"${PODS_ROOT}/Target Support Files/Pods-TaiperTravel-TaiperTravelUITests/Pods-TaiperTravel-TaiperTravelUITests-frameworks-${CONFIGURATION}-output-files.xcfilelist",
			);
			runOnlyForDeploymentPostprocessing = 0;
			shellPath = /bin/sh;
			shellScript = "\"${PODS_ROOT}/Target Support Files/Pods-TaiperTravel-TaiperTravelUITests/Pods-TaiperTravel-TaiperTravelUITests-frameworks.sh\"\n";
			showEnvVarsInLog = 0;
		};
		CC959750D5C8E6EAA5D5661D /* [CP] Check Pods Manifest.lock */ = {
			isa = PBXShellScriptBuildPhase;
			buildActionMask = 2147483647;
			files = (
			);
			inputFileListPaths = (
			);
			inputPaths = (
				"${PODS_PODFILE_DIR_PATH}/Podfile.lock",
				"${PODS_ROOT}/Manifest.lock",
			);
			name = "[CP] Check Pods Manifest.lock";
			outputFileListPaths = (
			);
			outputPaths = (
				"$(DERIVED_FILE_DIR)/Pods-TaiperTravelTests-checkManifestLockResult.txt",
			);
			runOnlyForDeploymentPostprocessing = 0;
			shellPath = /bin/sh;
			shellScript = "diff \"${PODS_PODFILE_DIR_PATH}/Podfile.lock\" \"${PODS_ROOT}/Manifest.lock\" > /dev/null\nif [ $? != 0 ] ; then\n    # print error to STDERR\n    echo \"error: The sandbox is not in sync with the Podfile.lock. Run 'pod install' or update your CocoaPods installation.\" >&2\n    exit 1\nfi\n# This output is used by Xcode 'outputs' to avoid re-running this script phase.\necho \"SUCCESS\" > \"${SCRIPT_OUTPUT_FILE_0}\"\n";
			showEnvVarsInLog = 0;
		};
		E8D72AF565F16F4D298B46DC /* [CP] Check Pods Manifest.lock */ = {
			isa = PBXShellScriptBuildPhase;
			buildActionMask = 2147483647;
			files = (
			);
			inputFileListPaths = (
			);
			inputPaths = (
				"${PODS_PODFILE_DIR_PATH}/Podfile.lock",
				"${PODS_ROOT}/Manifest.lock",
			);
			name = "[CP] Check Pods Manifest.lock";
			outputFileListPaths = (
			);
			outputPaths = (
				"$(DERIVED_FILE_DIR)/Pods-TaiperTravel-checkManifestLockResult.txt",
			);
			runOnlyForDeploymentPostprocessing = 0;
			shellPath = /bin/sh;
			shellScript = "diff \"${PODS_PODFILE_DIR_PATH}/Podfile.lock\" \"${PODS_ROOT}/Manifest.lock\" > /dev/null\nif [ $? != 0 ] ; then\n    # print error to STDERR\n    echo \"error: The sandbox is not in sync with the Podfile.lock. Run 'pod install' or update your CocoaPods installation.\" >&2\n    exit 1\nfi\n# This output is used by Xcode 'outputs' to avoid re-running this script phase.\necho \"SUCCESS\" > \"${SCRIPT_OUTPUT_FILE_0}\"\n";
			showEnvVarsInLog = 0;
		};
/* End PBXShellScriptBuildPhase section */

/* Begin PBXSourcesBuildPhase section */
		B077761F2C075F14004C1F2C /* Sources */ = {
			isa = PBXSourcesBuildPhase;
			buildActionMask = 2147483647;
			files = (
				B07776782C0A9F85004C1F2C /* Codable+Extension.swift in Sources */,
				B077766B2C08AF15004C1F2C /* ApiManager.swift in Sources */,
				B07776652C076A53004C1F2C /* BaseViewController.swift in Sources */,
				B07776762C08B11A004C1F2C /* CommonName.swift in Sources */,
				B07776872C0B7EF6004C1F2C /* EventNewsResponse.swift in Sources */,
				B077762B2C075F14004C1F2C /* HomeViewController.swift in Sources */,
				B07776692C08AB2E004C1F2C /* Publisher+Extension.swift in Sources */,
				B07776742C08B044004C1F2C /* Common.swift in Sources */,
				B07776892C0C3FD6004C1F2C /* Combine+UIKit.swift in Sources */,
				B07776272C075F14004C1F2C /* AppDelegate.swift in Sources */,
				B077767F2C0B6555004C1F2C /* AttractionsRequest.swift in Sources */,
				B077767D2C0B652E004C1F2C /* ApiRequest.swift in Sources */,
				B07776812C0B72F1004C1F2C /* BaseResponse.swift in Sources */,
				B077766D2C08AF5D004C1F2C /* Enum.swift in Sources */,
				B07776702C08B00C004C1F2C /* ApiService.swift in Sources */,
				B07776832C0B7423004C1F2C /* AttractionResponse.swift in Sources */,
				B07776722C08B035004C1F2C /* Tools.swift in Sources */,
				B07776852C0B7EA2004C1F2C /* EventNewsRequest.swift in Sources */,
				B07776292C075F14004C1F2C /* SceneDelegate.swift in Sources */,
				B07776622C076A28004C1F2C /* HomeViewModel.swift in Sources */,
				B07776672C076A67004C1F2C /* BaseViewModel.swift in Sources */,
			);
			runOnlyForDeploymentPostprocessing = 0;
		};
		B07776352C075F16004C1F2C /* Sources */ = {
			isa = PBXSourcesBuildPhase;
			buildActionMask = 2147483647;
			files = (
				B077763E2C075F16004C1F2C /* TaiperTravelTests.swift in Sources */,
			);
			runOnlyForDeploymentPostprocessing = 0;
		};
		B077763F2C075F16004C1F2C /* Sources */ = {
			isa = PBXSourcesBuildPhase;
			buildActionMask = 2147483647;
			files = (
				B07776482C075F16004C1F2C /* TaiperTravelUITests.swift in Sources */,
				B077764A2C075F16004C1F2C /* TaiperTravelUITestsLaunchTests.swift in Sources */,
			);
			runOnlyForDeploymentPostprocessing = 0;
		};
/* End PBXSourcesBuildPhase section */

/* Begin PBXTargetDependency section */
		B077763B2C075F16004C1F2C /* PBXTargetDependency */ = {
			isa = PBXTargetDependency;
			target = B07776222C075F14004C1F2C /* TaiperTravel */;
			targetProxy = B077763A2C075F16004C1F2C /* PBXContainerItemProxy */;
		};
		B07776452C075F16004C1F2C /* PBXTargetDependency */ = {
			isa = PBXTargetDependency;
			target = B07776222C075F14004C1F2C /* TaiperTravel */;
			targetProxy = B07776442C075F16004C1F2C /* PBXContainerItemProxy */;
		};
/* End PBXTargetDependency section */

/* Begin PBXVariantGroup section */
		B077762C2C075F14004C1F2C /* Home.storyboard */ = {
			isa = PBXVariantGroup;
			children = (
				B077762D2C075F14004C1F2C /* Base */,
			);
			name = Home.storyboard;
			sourceTree = "<group>";
		};
		B07776312C075F16004C1F2C /* LaunchScreen.storyboard */ = {
			isa = PBXVariantGroup;
			children = (
				B07776322C075F16004C1F2C /* Base */,
			);
			name = LaunchScreen.storyboard;
			sourceTree = "<group>";
		};
/* End PBXVariantGroup section */

/* Begin XCBuildConfiguration section */
		B077764B2C075F16004C1F2C /* Debug */ = {
			isa = XCBuildConfiguration;
			buildSettings = {
				ALWAYS_SEARCH_USER_PATHS = NO;
				ASSETCATALOG_COMPILER_GENERATE_SWIFT_ASSET_SYMBOL_EXTENSIONS = YES;
				CLANG_ANALYZER_NONNULL = YES;
				CLANG_ANALYZER_NUMBER_OBJECT_CONVERSION = YES_AGGRESSIVE;
				CLANG_CXX_LANGUAGE_STANDARD = "gnu++20";
				CLANG_ENABLE_MODULES = YES;
				CLANG_ENABLE_OBJC_ARC = YES;
				CLANG_ENABLE_OBJC_WEAK = YES;
				CLANG_WARN_BLOCK_CAPTURE_AUTORELEASING = YES;
				CLANG_WARN_BOOL_CONVERSION = YES;
				CLANG_WARN_COMMA = YES;
				CLANG_WARN_CONSTANT_CONVERSION = YES;
				CLANG_WARN_DEPRECATED_OBJC_IMPLEMENTATIONS = YES;
				CLANG_WARN_DIRECT_OBJC_ISA_USAGE = YES_ERROR;
				CLANG_WARN_DOCUMENTATION_COMMENTS = YES;
				CLANG_WARN_EMPTY_BODY = YES;
				CLANG_WARN_ENUM_CONVERSION = YES;
				CLANG_WARN_INFINITE_RECURSION = YES;
				CLANG_WARN_INT_CONVERSION = YES;
				CLANG_WARN_NON_LITERAL_NULL_CONVERSION = YES;
				CLANG_WARN_OBJC_IMPLICIT_RETAIN_SELF = YES;
				CLANG_WARN_OBJC_LITERAL_CONVERSION = YES;
				CLANG_WARN_OBJC_ROOT_CLASS = YES_ERROR;
				CLANG_WARN_QUOTED_INCLUDE_IN_FRAMEWORK_HEADER = YES;
				CLANG_WARN_RANGE_LOOP_ANALYSIS = YES;
				CLANG_WARN_STRICT_PROTOTYPES = YES;
				CLANG_WARN_SUSPICIOUS_MOVE = YES;
				CLANG_WARN_UNGUARDED_AVAILABILITY = YES_AGGRESSIVE;
				CLANG_WARN_UNREACHABLE_CODE = YES;
				CLANG_WARN__DUPLICATE_METHOD_MATCH = YES;
				COPY_PHASE_STRIP = NO;
				DEBUG_INFORMATION_FORMAT = dwarf;
				ENABLE_STRICT_OBJC_MSGSEND = YES;
				ENABLE_TESTABILITY = YES;
				ENABLE_USER_SCRIPT_SANDBOXING = YES;
				GCC_C_LANGUAGE_STANDARD = gnu17;
				GCC_DYNAMIC_NO_PIC = NO;
				GCC_NO_COMMON_BLOCKS = YES;
				GCC_OPTIMIZATION_LEVEL = 0;
				GCC_PREPROCESSOR_DEFINITIONS = (
					"DEBUG=1",
					"$(inherited)",
				);
				GCC_WARN_64_TO_32_BIT_CONVERSION = YES;
				GCC_WARN_ABOUT_RETURN_TYPE = YES_ERROR;
				GCC_WARN_UNDECLARED_SELECTOR = YES;
				GCC_WARN_UNINITIALIZED_AUTOS = YES_AGGRESSIVE;
				GCC_WARN_UNUSED_FUNCTION = YES;
				GCC_WARN_UNUSED_VARIABLE = YES;
				IPHONEOS_DEPLOYMENT_TARGET = 17.5;
				LOCALIZATION_PREFERS_STRING_CATALOGS = YES;
				MTL_ENABLE_DEBUG_INFO = INCLUDE_SOURCE;
				MTL_FAST_MATH = YES;
				ONLY_ACTIVE_ARCH = YES;
				SDKROOT = iphoneos;
				SWIFT_ACTIVE_COMPILATION_CONDITIONS = "DEBUG $(inherited)";
				SWIFT_OPTIMIZATION_LEVEL = "-Onone";
			};
			name = Debug;
		};
		B077764C2C075F16004C1F2C /* Release */ = {
			isa = XCBuildConfiguration;
			buildSettings = {
				ALWAYS_SEARCH_USER_PATHS = NO;
				ASSETCATALOG_COMPILER_GENERATE_SWIFT_ASSET_SYMBOL_EXTENSIONS = YES;
				CLANG_ANALYZER_NONNULL = YES;
				CLANG_ANALYZER_NUMBER_OBJECT_CONVERSION = YES_AGGRESSIVE;
				CLANG_CXX_LANGUAGE_STANDARD = "gnu++20";
				CLANG_ENABLE_MODULES = YES;
				CLANG_ENABLE_OBJC_ARC = YES;
				CLANG_ENABLE_OBJC_WEAK = YES;
				CLANG_WARN_BLOCK_CAPTURE_AUTORELEASING = YES;
				CLANG_WARN_BOOL_CONVERSION = YES;
				CLANG_WARN_COMMA = YES;
				CLANG_WARN_CONSTANT_CONVERSION = YES;
				CLANG_WARN_DEPRECATED_OBJC_IMPLEMENTATIONS = YES;
				CLANG_WARN_DIRECT_OBJC_ISA_USAGE = YES_ERROR;
				CLANG_WARN_DOCUMENTATION_COMMENTS = YES;
				CLANG_WARN_EMPTY_BODY = YES;
				CLANG_WARN_ENUM_CONVERSION = YES;
				CLANG_WARN_INFINITE_RECURSION = YES;
				CLANG_WARN_INT_CONVERSION = YES;
				CLANG_WARN_NON_LITERAL_NULL_CONVERSION = YES;
				CLANG_WARN_OBJC_IMPLICIT_RETAIN_SELF = YES;
				CLANG_WARN_OBJC_LITERAL_CONVERSION = YES;
				CLANG_WARN_OBJC_ROOT_CLASS = YES_ERROR;
				CLANG_WARN_QUOTED_INCLUDE_IN_FRAMEWORK_HEADER = YES;
				CLANG_WARN_RANGE_LOOP_ANALYSIS = YES;
				CLANG_WARN_STRICT_PROTOTYPES = YES;
				CLANG_WARN_SUSPICIOUS_MOVE = YES;
				CLANG_WARN_UNGUARDED_AVAILABILITY = YES_AGGRESSIVE;
				CLANG_WARN_UNREACHABLE_CODE = YES;
				CLANG_WARN__DUPLICATE_METHOD_MATCH = YES;
				COPY_PHASE_STRIP = NO;
				DEBUG_INFORMATION_FORMAT = "dwarf-with-dsym";
				ENABLE_NS_ASSERTIONS = NO;
				ENABLE_STRICT_OBJC_MSGSEND = YES;
				ENABLE_USER_SCRIPT_SANDBOXING = YES;
				GCC_C_LANGUAGE_STANDARD = gnu17;
				GCC_NO_COMMON_BLOCKS = YES;
				GCC_WARN_64_TO_32_BIT_CONVERSION = YES;
				GCC_WARN_ABOUT_RETURN_TYPE = YES_ERROR;
				GCC_WARN_UNDECLARED_SELECTOR = YES;
				GCC_WARN_UNINITIALIZED_AUTOS = YES_AGGRESSIVE;
				GCC_WARN_UNUSED_FUNCTION = YES;
				GCC_WARN_UNUSED_VARIABLE = YES;
				IPHONEOS_DEPLOYMENT_TARGET = 17.5;
				LOCALIZATION_PREFERS_STRING_CATALOGS = YES;
				MTL_ENABLE_DEBUG_INFO = NO;
				MTL_FAST_MATH = YES;
				SDKROOT = iphoneos;
				SWIFT_COMPILATION_MODE = wholemodule;
				VALIDATE_PRODUCT = YES;
			};
			name = Release;
		};
		B077764E2C075F16004C1F2C /* Debug */ = {
			isa = XCBuildConfiguration;
			baseConfigurationReference = 2B2D16727492D17131F3E0DF /* Pods-TaiperTravel.debug.xcconfig */;
			buildSettings = {
				ASSETCATALOG_COMPILER_APPICON_NAME = AppIcon;
				ASSETCATALOG_COMPILER_GLOBAL_ACCENT_COLOR_NAME = AccentColor;
				CODE_SIGN_STYLE = Automatic;
				CURRENT_PROJECT_VERSION = 1;
				DEVELOPMENT_TEAM = EU9975222N;
				ENABLE_USER_SCRIPT_SANDBOXING = NO;
				GCC_PREPROCESSOR_DEFINITIONS = (
					"$(inherited)",
					"COCOAPODS=1",
					"PRODUCTION_VERSION=1",
				);
				GENERATE_INFOPLIST_FILE = YES;
				INFOPLIST_FILE = TaiperTravel/Resources/Info.plist;
				INFOPLIST_KEY_UIApplicationSupportsIndirectInputEvents = YES;
				INFOPLIST_KEY_UILaunchStoryboardName = LaunchScreen;
				INFOPLIST_KEY_UIMainStoryboardFile = "";
				INFOPLIST_KEY_UISupportedInterfaceOrientations_iPad = "UIInterfaceOrientationPortrait UIInterfaceOrientationPortraitUpsideDown UIInterfaceOrientationLandscapeLeft UIInterfaceOrientationLandscapeRight";
				INFOPLIST_KEY_UISupportedInterfaceOrientations_iPhone = "UIInterfaceOrientationPortrait UIInterfaceOrientationLandscapeLeft UIInterfaceOrientationLandscapeRight";
				IPHONEOS_DEPLOYMENT_TARGET = 14.0;
				LD_RUNPATH_SEARCH_PATHS = (
					"$(inherited)",
					"@executable_path/Frameworks",
				);
				MARKETING_VERSION = 1.0;
				OTHER_SWIFT_FLAGS = "$(inherited) -D COCOAPODS -D PRODUCTION_VERSION";
				PRODUCT_BUNDLE_IDENTIFIER = com.uran.TaiperTravel;
				PRODUCT_NAME = "$(TARGET_NAME)";
				SUPPORTED_PLATFORMS = "iphoneos iphonesimulator";
				SUPPORTS_MACCATALYST = NO;
				SUPPORTS_MAC_DESIGNED_FOR_IPHONE_IPAD = NO;
				SUPPORTS_XR_DESIGNED_FOR_IPHONE_IPAD = NO;
				SWIFT_EMIT_LOC_STRINGS = YES;
				SWIFT_VERSION = 5.0;
				TARGETED_DEVICE_FAMILY = "1,2";
			};
			name = Debug;
		};
		B077764F2C075F16004C1F2C /* Release */ = {
			isa = XCBuildConfiguration;
			baseConfigurationReference = FEFFE2F58E8ED903F3023AF5 /* Pods-TaiperTravel.release.xcconfig */;
			buildSettings = {
				ASSETCATALOG_COMPILER_APPICON_NAME = AppIcon;
				ASSETCATALOG_COMPILER_GLOBAL_ACCENT_COLOR_NAME = AccentColor;
				CODE_SIGN_STYLE = Automatic;
				CURRENT_PROJECT_VERSION = 1;
				DEVELOPMENT_TEAM = EU9975222N;
				ENABLE_USER_SCRIPT_SANDBOXING = NO;
				GCC_PREPROCESSOR_DEFINITIONS = (
					"$(inherited)",
					"COCOAPODS=1",
					"PRODUCTION_VERSION=1",
				);
				GENERATE_INFOPLIST_FILE = YES;
				INFOPLIST_FILE = TaiperTravel/Resources/Info.plist;
				INFOPLIST_KEY_UIApplicationSupportsIndirectInputEvents = YES;
				INFOPLIST_KEY_UILaunchStoryboardName = LaunchScreen;
				INFOPLIST_KEY_UIMainStoryboardFile = "";
				INFOPLIST_KEY_UISupportedInterfaceOrientations_iPad = "UIInterfaceOrientationPortrait UIInterfaceOrientationPortraitUpsideDown UIInterfaceOrientationLandscapeLeft UIInterfaceOrientationLandscapeRight";
				INFOPLIST_KEY_UISupportedInterfaceOrientations_iPhone = "UIInterfaceOrientationPortrait UIInterfaceOrientationLandscapeLeft UIInterfaceOrientationLandscapeRight";
				IPHONEOS_DEPLOYMENT_TARGET = 14.0;
				LD_RUNPATH_SEARCH_PATHS = (
					"$(inherited)",
					"@executable_path/Frameworks",
				);
				MARKETING_VERSION = 1.0;
				OTHER_SWIFT_FLAGS = "$(inherited) -D COCOAPODS -D PRODUCTION_VERSION";
				PRODUCT_BUNDLE_IDENTIFIER = com.uran.TaiperTravel;
				PRODUCT_NAME = "$(TARGET_NAME)";
				SUPPORTED_PLATFORMS = "iphoneos iphonesimulator";
				SUPPORTS_MACCATALYST = NO;
				SUPPORTS_MAC_DESIGNED_FOR_IPHONE_IPAD = NO;
				SUPPORTS_XR_DESIGNED_FOR_IPHONE_IPAD = NO;
				SWIFT_EMIT_LOC_STRINGS = YES;
				SWIFT_VERSION = 5.0;
				TARGETED_DEVICE_FAMILY = "1,2";
			};
			name = Release;
		};
		B07776512C075F16004C1F2C /* Debug */ = {
			isa = XCBuildConfiguration;
			baseConfigurationReference = D54CC825432A526D074BFF43 /* Pods-TaiperTravelTests.debug.xcconfig */;
			buildSettings = {
				ALWAYS_EMBED_SWIFT_STANDARD_LIBRARIES = YES;
				BUNDLE_LOADER = "$(TEST_HOST)";
				CODE_SIGN_STYLE = Automatic;
				CURRENT_PROJECT_VERSION = 1;
				DEVELOPMENT_TEAM = EU9975222N;
				ENABLE_USER_SCRIPT_SANDBOXING = NO;
				GENERATE_INFOPLIST_FILE = YES;
				IPHONEOS_DEPLOYMENT_TARGET = 17.5;
				MARKETING_VERSION = 1.0;
				PRODUCT_BUNDLE_IDENTIFIER = com.uran.TaiperTravelTests;
				PRODUCT_NAME = "$(TARGET_NAME)";
				SUPPORTED_PLATFORMS = "iphoneos iphonesimulator";
				SUPPORTS_MACCATALYST = NO;
				SUPPORTS_MAC_DESIGNED_FOR_IPHONE_IPAD = NO;
				SUPPORTS_XR_DESIGNED_FOR_IPHONE_IPAD = NO;
				SWIFT_EMIT_LOC_STRINGS = NO;
				SWIFT_VERSION = 5.0;
				TARGETED_DEVICE_FAMILY = "1,2";
				TEST_HOST = "$(BUILT_PRODUCTS_DIR)/TaiperTravel.app/$(BUNDLE_EXECUTABLE_FOLDER_PATH)/TaiperTravel";
			};
			name = Debug;
		};
		B07776522C075F16004C1F2C /* Release */ = {
			isa = XCBuildConfiguration;
			baseConfigurationReference = 8111D014F938D456A3F529C1 /* Pods-TaiperTravelTests.release.xcconfig */;
			buildSettings = {
				ALWAYS_EMBED_SWIFT_STANDARD_LIBRARIES = YES;
				BUNDLE_LOADER = "$(TEST_HOST)";
				CODE_SIGN_STYLE = Automatic;
				CURRENT_PROJECT_VERSION = 1;
				DEVELOPMENT_TEAM = EU9975222N;
				ENABLE_USER_SCRIPT_SANDBOXING = NO;
				GENERATE_INFOPLIST_FILE = YES;
				IPHONEOS_DEPLOYMENT_TARGET = 17.5;
				MARKETING_VERSION = 1.0;
				PRODUCT_BUNDLE_IDENTIFIER = com.uran.TaiperTravelTests;
				PRODUCT_NAME = "$(TARGET_NAME)";
				SUPPORTED_PLATFORMS = "iphoneos iphonesimulator";
				SUPPORTS_MACCATALYST = NO;
				SUPPORTS_MAC_DESIGNED_FOR_IPHONE_IPAD = NO;
				SUPPORTS_XR_DESIGNED_FOR_IPHONE_IPAD = NO;
				SWIFT_EMIT_LOC_STRINGS = NO;
				SWIFT_VERSION = 5.0;
				TARGETED_DEVICE_FAMILY = "1,2";
				TEST_HOST = "$(BUILT_PRODUCTS_DIR)/TaiperTravel.app/$(BUNDLE_EXECUTABLE_FOLDER_PATH)/TaiperTravel";
			};
			name = Release;
		};
		B07776542C075F16004C1F2C /* Debug */ = {
			isa = XCBuildConfiguration;
			baseConfigurationReference = 35BE2ED4EAC81C4AA4728CD9 /* Pods-TaiperTravel-TaiperTravelUITests.debug.xcconfig */;
			buildSettings = {
				ALWAYS_EMBED_SWIFT_STANDARD_LIBRARIES = YES;
				CODE_SIGN_STYLE = Automatic;
				CURRENT_PROJECT_VERSION = 1;
				DEVELOPMENT_TEAM = EU9975222N;
				ENABLE_USER_SCRIPT_SANDBOXING = NO;
				GENERATE_INFOPLIST_FILE = YES;
				MARKETING_VERSION = 1.0;
				PRODUCT_BUNDLE_IDENTIFIER = com.uran.TaiperTravelUITests;
				PRODUCT_NAME = "$(TARGET_NAME)";
				SUPPORTED_PLATFORMS = "iphoneos iphonesimulator";
				SUPPORTS_MACCATALYST = NO;
				SUPPORTS_MAC_DESIGNED_FOR_IPHONE_IPAD = NO;
				SUPPORTS_XR_DESIGNED_FOR_IPHONE_IPAD = NO;
				SWIFT_EMIT_LOC_STRINGS = NO;
				SWIFT_VERSION = 5.0;
				TARGETED_DEVICE_FAMILY = "1,2";
				TEST_TARGET_NAME = TaiperTravel;
			};
			name = Debug;
		};
		B07776552C075F16004C1F2C /* Release */ = {
			isa = XCBuildConfiguration;
			baseConfigurationReference = A811E41DCD8916A6959AF978 /* Pods-TaiperTravel-TaiperTravelUITests.release.xcconfig */;
			buildSettings = {
				ALWAYS_EMBED_SWIFT_STANDARD_LIBRARIES = YES;
				CODE_SIGN_STYLE = Automatic;
				CURRENT_PROJECT_VERSION = 1;
				DEVELOPMENT_TEAM = EU9975222N;
				ENABLE_USER_SCRIPT_SANDBOXING = NO;
				GENERATE_INFOPLIST_FILE = YES;
				MARKETING_VERSION = 1.0;
				PRODUCT_BUNDLE_IDENTIFIER = com.uran.TaiperTravelUITests;
				PRODUCT_NAME = "$(TARGET_NAME)";
				SUPPORTED_PLATFORMS = "iphoneos iphonesimulator";
				SUPPORTS_MACCATALYST = NO;
				SUPPORTS_MAC_DESIGNED_FOR_IPHONE_IPAD = NO;
				SUPPORTS_XR_DESIGNED_FOR_IPHONE_IPAD = NO;
				SWIFT_EMIT_LOC_STRINGS = NO;
				SWIFT_VERSION = 5.0;
				TARGETED_DEVICE_FAMILY = "1,2";
				TEST_TARGET_NAME = TaiperTravel;
			};
			name = Release;
		};
/* End XCBuildConfiguration section */

/* Begin XCConfigurationList section */
		B077761E2C075F14004C1F2C /* Build configuration list for PBXProject "TaiperTravel" */ = {
			isa = XCConfigurationList;
			buildConfigurations = (
				B077764B2C075F16004C1F2C /* Debug */,
				B077764C2C075F16004C1F2C /* Release */,
			);
			defaultConfigurationIsVisible = 0;
			defaultConfigurationName = Release;
		};
		B077764D2C075F16004C1F2C /* Build configuration list for PBXNativeTarget "TaiperTravel" */ = {
			isa = XCConfigurationList;
			buildConfigurations = (
				B077764E2C075F16004C1F2C /* Debug */,
				B077764F2C075F16004C1F2C /* Release */,
			);
			defaultConfigurationIsVisible = 0;
			defaultConfigurationName = Release;
		};
		B07776502C075F16004C1F2C /* Build configuration list for PBXNativeTarget "TaiperTravelTests" */ = {
			isa = XCConfigurationList;
			buildConfigurations = (
				B07776512C075F16004C1F2C /* Debug */,
				B07776522C075F16004C1F2C /* Release */,
			);
			defaultConfigurationIsVisible = 0;
			defaultConfigurationName = Release;
		};
		B07776532C075F16004C1F2C /* Build configuration list for PBXNativeTarget "TaiperTravelUITests" */ = {
			isa = XCConfigurationList;
			buildConfigurations = (
				B07776542C075F16004C1F2C /* Debug */,
				B07776552C075F16004C1F2C /* Release */,
			);
			defaultConfigurationIsVisible = 0;
			defaultConfigurationName = Release;
		};
/* End XCConfigurationList section */
	};
	rootObject = B077761B2C075F14004C1F2C /* Project object */;
}
