PODS:
  - Alamofire (5.4.4)
  - IQKeyboardManagerSwift (6.5.16)
  - lottie-ios (3.2.3)

DEPENDENCIES:
  - Alamofire (~> 5.4.4)
  - IQKeyboardManagerSwift (~> 6.5.16)
  - lottie-ios (~> 3.2.3)

SPEC REPOS:
  trunk:
    - Alamofire
    - IQKeyboardManagerSwift
    - lottie-ios

SPEC CHECKSUMS:
  Alamofire: f3b09a368f1582ab751b3fff5460276e0d2cf5c9
  IQKeyboardManagerSwift: 12d89768845bb77b55cc092ecc2b1f9370f06b76
  lottie-ios: c058aeafa76daa4cf64d773554bccc8385d0150e

PODFILE CHECKSUM: eed731d3239fe1ce3ceab8926cdd7f8851ec06ca

COCOAPODS: 1.14.2
